
Microsoft Visual Studio Solution File, Format Version 12.00
# Visual Studio 15
VisualStudioVersion = 15.0.25807.0
MinimumVisualStudioVersion = 10.0.40219.1
Project("{2150E333-8FDC-42A3-9474-1A3956D46DE8}") = "Engine", "Engine", "{05DC48C0-2046-48C7-91EE-B685653EF638}"
EndProject
Project("{2150E333-8FDC-42A3-9474-1A3956D46DE8}") = "Games", "Games", "{864CD046-4D5F-4C4A-AF17-A619E5EEE52B}"
EndProject
Project("{8BC9CEB8-8B4A-11D0-8D11-00A0C91BC942}") = "UE4", "Intermediate\ProjectFiles\UE4.vcxproj", "{55CC4E2C-A139-443B-97A1-78EB49D09FF2}"
EndProject
Project("{8BC9CEB8-8B4A-11D0-8D11-00A0C91BC942}") = "FPSTest", "Intermediate\ProjectFiles\FPSTest.vcxproj", "{EAB60CF1-0162-496A-9333-1DD9D95344CF}"
EndProject
Project("{2150E333-8FDC-42A3-9474-1A3956D46DE8}") = "Visualizers", "Visualizers", "{235091EF-E855-4994-838C-8EB53BD3AED6}"
	ProjectSection(SolutionItems) = preProject
		..\..\..\..\..\..\Program Files\Epic Games\UE_4.22\Engine\Extras\VisualStudioDebugging\UE4.natvis = ..\..\..\..\..\..\Program Files\Epic Games\UE_4.22\Engine\Extras\VisualStudioDebugging\UE4.natvis
	EndProjectSection
EndProject
Global
	GlobalSection(SolutionConfigurationPlatforms) = preSolution
		DebugGame Editor|HTML5 = DebugGame Editor|HTML5
		DebugGame Editor|Win32 = DebugGame Editor|Win32
		DebugGame Editor|Win64 = DebugGame Editor|Win64
		DebugGame|HTML5 = DebugGame|HTML5
		DebugGame|Win32 = DebugGame|Win32
		DebugGame|Win64 = DebugGame|Win64
		Development Editor|HTML5 = Development Editor|HTML5
		Development Editor|Win32 = Development Editor|Win32
		Development Editor|Win64 = Development Editor|Win64
		Development|HTML5 = Development|HTML5
		Development|Win32 = Development|Win32
		Development|Win64 = Development|Win64
		Shipping|HTML5 = Shipping|HTML5
		Shipping|Win32 = Shipping|Win32
		Shipping|Win64 = Shipping|Win64
	EndGlobalSection
	GlobalSection(ProjectConfigurationPlatforms) = postSolution
		{55CC4E2C-A139-443B-97A1-78EB49D09FF2}.DebugGame Editor|HTML5.ActiveCfg = BuiltWithUnrealBuildTool|Win32
		{55CC4E2C-A139-443B-97A1-78EB49D09FF2}.DebugGame Editor|Win32.ActiveCfg = BuiltWithUnrealBuildTool|Win32
		{55CC4E2C-A139-443B-97A1-78EB49D09FF2}.DebugGame Editor|Win64.ActiveCfg = BuiltWithUnrealBuildTool|Win32
		{55CC4E2C-A139-443B-97A1-78EB49D09FF2}.DebugGame|HTML5.ActiveCfg = BuiltWithUnrealBuildTool|Win32
		{55CC4E2C-A139-443B-97A1-78EB49D09FF2}.DebugGame|Win32.ActiveCfg = BuiltWithUnrealBuildTool|Win32
		{55CC4E2C-A139-443B-97A1-78EB49D09FF2}.DebugGame|Win64.ActiveCfg = BuiltWithUnrealBuildTool|Win32
		{55CC4E2C-A139-443B-97A1-78EB49D09FF2}.Development Editor|HTML5.ActiveCfg = BuiltWithUnrealBuildTool|Win32
		{55CC4E2C-A139-443B-97A1-78EB49D09FF2}.Development Editor|Win32.ActiveCfg = BuiltWithUnrealBuildTool|Win32
		{55CC4E2C-A139-443B-97A1-78EB49D09FF2}.Development Editor|Win64.ActiveCfg = BuiltWithUnrealBuildTool|Win32
		{55CC4E2C-A139-443B-97A1-78EB49D09FF2}.Development|HTML5.ActiveCfg = BuiltWithUnrealBuildTool|Win32
		{55CC4E2C-A139-443B-97A1-78EB49D09FF2}.Development|Win32.ActiveCfg = BuiltWithUnrealBuildTool|Win32
		{55CC4E2C-A139-443B-97A1-78EB49D09FF2}.Development|Win64.ActiveCfg = BuiltWithUnrealBuildTool|Win32
		{55CC4E2C-A139-443B-97A1-78EB49D09FF2}.Shipping|HTML5.ActiveCfg = BuiltWithUnrealBuildTool|Win32
		{55CC4E2C-A139-443B-97A1-78EB49D09FF2}.Shipping|Win32.ActiveCfg = BuiltWithUnrealBuildTool|Win32
		{55CC4E2C-A139-443B-97A1-78EB49D09FF2}.Shipping|Win64.ActiveCfg = BuiltWithUnrealBuildTool|Win32
		{EAB60CF1-0162-496A-9333-1DD9D95344CF}.DebugGame Editor|HTML5.ActiveCfg = Invalid|Win32
		{EAB60CF1-0162-496A-9333-1DD9D95344CF}.DebugGame Editor|Win32.ActiveCfg = Invalid|Win32
		{EAB60CF1-0162-496A-9333-1DD9D95344CF}.DebugGame Editor|Win64.ActiveCfg = DebugGame_Editor|x64
		{EAB60CF1-0162-496A-9333-1DD9D95344CF}.DebugGame Editor|Win64.Build.0 = DebugGame_Editor|x64
		{EAB60CF1-0162-496A-9333-1DD9D95344CF}.DebugGame|HTML5.ActiveCfg = HTML5_DebugGame|Win32
		{EAB60CF1-0162-496A-9333-1DD9D95344CF}.DebugGame|HTML5.Build.0 = HTML5_DebugGame|Win32
		{EAB60CF1-0162-496A-9333-1DD9D95344CF}.DebugGame|Win32.ActiveCfg = DebugGame|Win32
		{EAB60CF1-0162-496A-9333-1DD9D95344CF}.DebugGame|Win32.Build.0 = DebugGame|Win32
		{EAB60CF1-0162-496A-9333-1DD9D95344CF}.DebugGame|Win64.ActiveCfg = DebugGame|x64
		{EAB60CF1-0162-496A-9333-1DD9D95344CF}.DebugGame|Win64.Build.0 = DebugGame|x64
		{EAB60CF1-0162-496A-9333-1DD9D95344CF}.Development Editor|HTML5.ActiveCfg = Invalid|Win32
		{EAB60CF1-0162-496A-9333-1DD9D95344CF}.Development Editor|Win32.ActiveCfg = Invalid|Win32
		{EAB60CF1-0162-496A-9333-1DD9D95344CF}.Development Editor|Win64.ActiveCfg = Development_Editor|x64
		{EAB60CF1-0162-496A-9333-1DD9D95344CF}.Development Editor|Win64.Build.0 = Development_Editor|x64
		{EAB60CF1-0162-496A-9333-1DD9D95344CF}.Development|HTML5.ActiveCfg = HTML5_Development|Win32
		{EAB60CF1-0162-496A-9333-1DD9D95344CF}.Development|HTML5.Build.0 = HTML5_Development|Win32
		{EAB60CF1-0162-496A-9333-1DD9D95344CF}.Development|Win32.ActiveCfg = Development|Win32
		{EAB60CF1-0162-496A-9333-1DD9D95344CF}.Development|Win32.Build.0 = Development|Win32
		{EAB60CF1-0162-496A-9333-1DD9D95344CF}.Development|Win64.ActiveCfg = Development|x64
		{EAB60CF1-0162-496A-9333-1DD9D95344CF}.Development|Win64.Build.0 = Development|x64
		{EAB60CF1-0162-496A-9333-1DD9D95344CF}.Shipping|HTML5.ActiveCfg = HTML5_Shipping|Win32
		{EAB60CF1-0162-496A-9333-1DD9D95344CF}.Shipping|HTML5.Build.0 = HTML5_Shipping|Win32
		{EAB60CF1-0162-496A-9333-1DD9D95344CF}.Shipping|Win32.ActiveCfg = Shipping|Win32
		{EAB60CF1-0162-496A-9333-1DD9D95344CF}.Shipping|Win32.Build.0 = Shipping|Win32
		{EAB60CF1-0162-496A-9333-1DD9D95344CF}.Shipping|Win64.ActiveCfg = Shipping|x64
		{EAB60CF1-0162-496A-9333-1DD9D95344CF}.Shipping|Win64.Build.0 = Shipping|x64
	EndGlobalSection
	GlobalSection(SolutionProperties) = preSolution
		HideSolutionNode = FALSE
	EndGlobalSection
	GlobalSection(NestedProjects) = preSolution
		{55CC4E2C-A139-443B-97A1-78EB49D09FF2} = {05DC48C0-2046-48C7-91EE-B685653EF638}
		{EAB60CF1-0162-496A-9333-1DD9D95344CF} = {864CD046-4D5F-4C4A-AF17-A619E5EEE52B}
	EndGlobalSection
EndGlobal
