
Microsoft Visual Studio Solution File, Format Version 12.00
# Visual Studio 15
VisualStudioVersion = 15.0.25807.0
MinimumVisualStudioVersion = 10.0.40219.1
Project("{2150E333-8FDC-42A3-9474-1A3956D46DE8}") = "Engine", "Engine", "{9FBD47D9-8B51-4AE8-B131-9C98F2A395BC}"
EndProject
Project("{2150E333-8FDC-42A3-9474-1A3956D46DE8}") = "Games", "Games", "{290677F4-FBEB-4C13-89E6-9E922CE4388B}"
EndProject
Project("{8BC9CEB8-8B4A-11D0-8D11-00A0C91BC942}") = "UE4", "Intermediate\ProjectFiles\UE4.vcxproj", "{4A62A8E9-CD19-4785-883B-A72F6D6A4BB7}"
EndProject
Project("{8BC9CEB8-8B4A-11D0-8D11-00A0C91BC942}") = "FPSTest", "Intermediate\ProjectFiles\FPSTest.vcxproj", "{2E8611A1-007E-4345-9596-48EF76E4CA07}"
EndProject
Project("{2150E333-8FDC-42A3-9474-1A3956D46DE8}") = "Visualizers", "Visualizers", "{33CBB735-3662-4E91-8009-DE1825F71F53}"
	ProjectSection(SolutionItems) = preProject
		..\..\..\..\..\..\Program Files\Epic Games\UE_4.22\Engine\Extras\VisualStudioDebugging\UE4.natvis = ..\..\..\..\..\..\Program Files\Epic Games\UE_4.22\Engine\Extras\VisualStudioDebugging\UE4.natvis
	EndProjectSection
EndProject
Global
	GlobalSection(SolutionConfigurationPlatforms) = preSolution
		DebugGame Editor|HTML5 = DebugGame Editor|HTML5
		DebugGame Editor|Win32 = DebugGame Editor|Win32
		DebugGame Editor|Win64 = DebugGame Editor|Win64
		DebugGame|HTML5 = DebugGame|HTML5
		DebugGame|Win32 = DebugGame|Win32
		DebugGame|Win64 = DebugGame|Win64
		Development Editor|HTML5 = Development Editor|HTML5
		Development Editor|Win32 = Development Editor|Win32
		Development Editor|Win64 = Development Editor|Win64
		Development|HTML5 = Development|HTML5
		Development|Win32 = Development|Win32
		Development|Win64 = Development|Win64
		Shipping|HTML5 = Shipping|HTML5
		Shipping|Win32 = Shipping|Win32
		Shipping|Win64 = Shipping|Win64
	EndGlobalSection
	GlobalSection(ProjectConfigurationPlatforms) = postSolution
		{4A62A8E9-CD19-4785-883B-A72F6D6A4BB7}.DebugGame Editor|HTML5.ActiveCfg = BuiltWithUnrealBuildTool|Win32
		{4A62A8E9-CD19-4785-883B-A72F6D6A4BB7}.DebugGame Editor|Win32.ActiveCfg = BuiltWithUnrealBuildTool|Win32
		{4A62A8E9-CD19-4785-883B-A72F6D6A4BB7}.DebugGame Editor|Win64.ActiveCfg = BuiltWithUnrealBuildTool|Win32
		{4A62A8E9-CD19-4785-883B-A72F6D6A4BB7}.DebugGame|HTML5.ActiveCfg = BuiltWithUnrealBuildTool|Win32
		{4A62A8E9-CD19-4785-883B-A72F6D6A4BB7}.DebugGame|Win32.ActiveCfg = BuiltWithUnrealBuildTool|Win32
		{4A62A8E9-CD19-4785-883B-A72F6D6A4BB7}.DebugGame|Win64.ActiveCfg = BuiltWithUnrealBuildTool|Win32
		{4A62A8E9-CD19-4785-883B-A72F6D6A4BB7}.Development Editor|HTML5.ActiveCfg = BuiltWithUnrealBuildTool|Win32
		{4A62A8E9-CD19-4785-883B-A72F6D6A4BB7}.Development Editor|Win32.ActiveCfg = BuiltWithUnrealBuildTool|Win32
		{4A62A8E9-CD19-4785-883B-A72F6D6A4BB7}.Development Editor|Win64.ActiveCfg = BuiltWithUnrealBuildTool|Win32
		{4A62A8E9-CD19-4785-883B-A72F6D6A4BB7}.Development|HTML5.ActiveCfg = BuiltWithUnrealBuildTool|Win32
		{4A62A8E9-CD19-4785-883B-A72F6D6A4BB7}.Development|Win32.ActiveCfg = BuiltWithUnrealBuildTool|Win32
		{4A62A8E9-CD19-4785-883B-A72F6D6A4BB7}.Development|Win64.ActiveCfg = BuiltWithUnrealBuildTool|Win32
		{4A62A8E9-CD19-4785-883B-A72F6D6A4BB7}.Shipping|HTML5.ActiveCfg = BuiltWithUnrealBuildTool|Win32
		{4A62A8E9-CD19-4785-883B-A72F6D6A4BB7}.Shipping|Win32.ActiveCfg = BuiltWithUnrealBuildTool|Win32
		{4A62A8E9-CD19-4785-883B-A72F6D6A4BB7}.Shipping|Win64.ActiveCfg = BuiltWithUnrealBuildTool|Win32
		{2E8611A1-007E-4345-9596-48EF76E4CA07}.DebugGame Editor|HTML5.ActiveCfg = Invalid|Win32
		{2E8611A1-007E-4345-9596-48EF76E4CA07}.DebugGame Editor|Win32.ActiveCfg = Invalid|Win32
		{2E8611A1-007E-4345-9596-48EF76E4CA07}.DebugGame Editor|Win64.ActiveCfg = DebugGame_Editor|x64
		{2E8611A1-007E-4345-9596-48EF76E4CA07}.DebugGame Editor|Win64.Build.0 = DebugGame_Editor|x64
		{2E8611A1-007E-4345-9596-48EF76E4CA07}.DebugGame|HTML5.ActiveCfg = HTML5_DebugGame|Win32
		{2E8611A1-007E-4345-9596-48EF76E4CA07}.DebugGame|HTML5.Build.0 = HTML5_DebugGame|Win32
		{2E8611A1-007E-4345-9596-48EF76E4CA07}.DebugGame|Win32.ActiveCfg = DebugGame|Win32
		{2E8611A1-007E-4345-9596-48EF76E4CA07}.DebugGame|Win32.Build.0 = DebugGame|Win32
		{2E8611A1-007E-4345-9596-48EF76E4CA07}.DebugGame|Win64.ActiveCfg = DebugGame|x64
		{2E8611A1-007E-4345-9596-48EF76E4CA07}.DebugGame|Win64.Build.0 = DebugGame|x64
		{2E8611A1-007E-4345-9596-48EF76E4CA07}.Development Editor|HTML5.ActiveCfg = Invalid|Win32
		{2E8611A1-007E-4345-9596-48EF76E4CA07}.Development Editor|Win32.ActiveCfg = Invalid|Win32
		{2E8611A1-007E-4345-9596-48EF76E4CA07}.Development Editor|Win64.ActiveCfg = Development_Editor|x64
		{2E8611A1-007E-4345-9596-48EF76E4CA07}.Development Editor|Win64.Build.0 = Development_Editor|x64
		{2E8611A1-007E-4345-9596-48EF76E4CA07}.Development|HTML5.ActiveCfg = HTML5_Development|Win32
		{2E8611A1-007E-4345-9596-48EF76E4CA07}.Development|HTML5.Build.0 = HTML5_Development|Win32
		{2E8611A1-007E-4345-9596-48EF76E4CA07}.Development|Win32.ActiveCfg = Development|Win32
		{2E8611A1-007E-4345-9596-48EF76E4CA07}.Development|Win32.Build.0 = Development|Win32
		{2E8611A1-007E-4345-9596-48EF76E4CA07}.Development|Win64.ActiveCfg = Development|x64
		{2E8611A1-007E-4345-9596-48EF76E4CA07}.Development|Win64.Build.0 = Development|x64
		{2E8611A1-007E-4345-9596-48EF76E4CA07}.Shipping|HTML5.ActiveCfg = HTML5_Shipping|Win32
		{2E8611A1-007E-4345-9596-48EF76E4CA07}.Shipping|HTML5.Build.0 = HTML5_Shipping|Win32
		{2E8611A1-007E-4345-9596-48EF76E4CA07}.Shipping|Win32.ActiveCfg = Shipping|Win32
		{2E8611A1-007E-4345-9596-48EF76E4CA07}.Shipping|Win32.Build.0 = Shipping|Win32
		{2E8611A1-007E-4345-9596-48EF76E4CA07}.Shipping|Win64.ActiveCfg = Shipping|x64
		{2E8611A1-007E-4345-9596-48EF76E4CA07}.Shipping|Win64.Build.0 = Shipping|x64
	EndGlobalSection
	GlobalSection(SolutionProperties) = preSolution
		HideSolutionNode = FALSE
	EndGlobalSection
	GlobalSection(NestedProjects) = preSolution
		{4A62A8E9-CD19-4785-883B-A72F6D6A4BB7} = {9FBD47D9-8B51-4AE8-B131-9C98F2A395BC}
		{2E8611A1-007E-4345-9596-48EF76E4CA07} = {290677F4-FBEB-4C13-89E6-9E922CE4388B}
	EndGlobalSection
EndGlobal
