
Microsoft Visual Studio Solution File, Format Version 12.00
# Visual Studio 15
VisualStudioVersion = 15.0.25807.0
MinimumVisualStudioVersion = 10.0.40219.1
Project("{2150E333-8FDC-42A3-9474-1A3956D46DE8}") = "Engine", "Engine", "{8E6BA466-E282-4A0A-9FF4-06873546D708}"
EndProject
Project("{2150E333-8FDC-42A3-9474-1A3956D46DE8}") = "Games", "Games", "{82119D88-8B9E-482E-ADBE-FBC9EA3CA28F}"
EndProject
Project("{8BC9CEB8-8B4A-11D0-8D11-00A0C91BC942}") = "UE4", "Intermediate\ProjectFiles\UE4.vcxproj", "{0B67FF37-8591-4BBB-BD74-CDB8A05A385F}"
EndProject
Project("{8BC9CEB8-8B4A-11D0-8D11-00A0C91BC942}") = "FPSTest", "Intermediate\ProjectFiles\FPSTest.vcxproj", "{E8B568B3-199B-4B00-ADE3-CB46007C1D05}"
EndProject
Project("{2150E333-8FDC-42A3-9474-1A3956D46DE8}") = "Visualizers", "Visualizers", "{ED122B0B-8D7F-4450-B46A-171A1D82B746}"
	ProjectSection(SolutionItems) = preProject
		..\..\..\..\..\..\Program Files\Epic Games\UE_4.22\Engine\Extras\VisualStudioDebugging\UE4.natvis = ..\..\..\..\..\..\Program Files\Epic Games\UE_4.22\Engine\Extras\VisualStudioDebugging\UE4.natvis
	EndProjectSection
EndProject
Global
	GlobalSection(SolutionConfigurationPlatforms) = preSolution
		DebugGame Editor|HTML5 = DebugGame Editor|HTML5
		DebugGame Editor|Win32 = DebugGame Editor|Win32
		DebugGame Editor|Win64 = DebugGame Editor|Win64
		DebugGame|HTML5 = DebugGame|HTML5
		DebugGame|Win32 = DebugGame|Win32
		DebugGame|Win64 = DebugGame|Win64
		Development Editor|HTML5 = Development Editor|HTML5
		Development Editor|Win32 = Development Editor|Win32
		Development Editor|Win64 = Development Editor|Win64
		Development|HTML5 = Development|HTML5
		Development|Win32 = Development|Win32
		Development|Win64 = Development|Win64
		Shipping|HTML5 = Shipping|HTML5
		Shipping|Win32 = Shipping|Win32
		Shipping|Win64 = Shipping|Win64
	EndGlobalSection
	GlobalSection(ProjectConfigurationPlatforms) = postSolution
		{0B67FF37-8591-4BBB-BD74-CDB8A05A385F}.DebugGame Editor|HTML5.ActiveCfg = BuiltWithUnrealBuildTool|Win32
		{0B67FF37-8591-4BBB-BD74-CDB8A05A385F}.DebugGame Editor|Win32.ActiveCfg = BuiltWithUnrealBuildTool|Win32
		{0B67FF37-8591-4BBB-BD74-CDB8A05A385F}.DebugGame Editor|Win64.ActiveCfg = BuiltWithUnrealBuildTool|Win32
		{0B67FF37-8591-4BBB-BD74-CDB8A05A385F}.DebugGame|HTML5.ActiveCfg = BuiltWithUnrealBuildTool|Win32
		{0B67FF37-8591-4BBB-BD74-CDB8A05A385F}.DebugGame|Win32.ActiveCfg = BuiltWithUnrealBuildTool|Win32
		{0B67FF37-8591-4BBB-BD74-CDB8A05A385F}.DebugGame|Win64.ActiveCfg = BuiltWithUnrealBuildTool|Win32
		{0B67FF37-8591-4BBB-BD74-CDB8A05A385F}.Development Editor|HTML5.ActiveCfg = BuiltWithUnrealBuildTool|Win32
		{0B67FF37-8591-4BBB-BD74-CDB8A05A385F}.Development Editor|Win32.ActiveCfg = BuiltWithUnrealBuildTool|Win32
		{0B67FF37-8591-4BBB-BD74-CDB8A05A385F}.Development Editor|Win64.ActiveCfg = BuiltWithUnrealBuildTool|Win32
		{0B67FF37-8591-4BBB-BD74-CDB8A05A385F}.Development|HTML5.ActiveCfg = BuiltWithUnrealBuildTool|Win32
		{0B67FF37-8591-4BBB-BD74-CDB8A05A385F}.Development|Win32.ActiveCfg = BuiltWithUnrealBuildTool|Win32
		{0B67FF37-8591-4BBB-BD74-CDB8A05A385F}.Development|Win64.ActiveCfg = BuiltWithUnrealBuildTool|Win32
		{0B67FF37-8591-4BBB-BD74-CDB8A05A385F}.Shipping|HTML5.ActiveCfg = BuiltWithUnrealBuildTool|Win32
		{0B67FF37-8591-4BBB-BD74-CDB8A05A385F}.Shipping|Win32.ActiveCfg = BuiltWithUnrealBuildTool|Win32
		{0B67FF37-8591-4BBB-BD74-CDB8A05A385F}.Shipping|Win64.ActiveCfg = BuiltWithUnrealBuildTool|Win32
		{E8B568B3-199B-4B00-ADE3-CB46007C1D05}.DebugGame Editor|HTML5.ActiveCfg = Invalid|Win32
		{E8B568B3-199B-4B00-ADE3-CB46007C1D05}.DebugGame Editor|Win32.ActiveCfg = Invalid|Win32
		{E8B568B3-199B-4B00-ADE3-CB46007C1D05}.DebugGame Editor|Win64.ActiveCfg = DebugGame_Editor|x64
		{E8B568B3-199B-4B00-ADE3-CB46007C1D05}.DebugGame Editor|Win64.Build.0 = DebugGame_Editor|x64
		{E8B568B3-199B-4B00-ADE3-CB46007C1D05}.DebugGame|HTML5.ActiveCfg = HTML5_DebugGame|Win32
		{E8B568B3-199B-4B00-ADE3-CB46007C1D05}.DebugGame|HTML5.Build.0 = HTML5_DebugGame|Win32
		{E8B568B3-199B-4B00-ADE3-CB46007C1D05}.DebugGame|Win32.ActiveCfg = DebugGame|Win32
		{E8B568B3-199B-4B00-ADE3-CB46007C1D05}.DebugGame|Win32.Build.0 = DebugGame|Win32
		{E8B568B3-199B-4B00-ADE3-CB46007C1D05}.DebugGame|Win64.ActiveCfg = DebugGame|x64
		{E8B568B3-199B-4B00-ADE3-CB46007C1D05}.DebugGame|Win64.Build.0 = DebugGame|x64
		{E8B568B3-199B-4B00-ADE3-CB46007C1D05}.Development Editor|HTML5.ActiveCfg = Invalid|Win32
		{E8B568B3-199B-4B00-ADE3-CB46007C1D05}.Development Editor|Win32.ActiveCfg = Invalid|Win32
		{E8B568B3-199B-4B00-ADE3-CB46007C1D05}.Development Editor|Win64.ActiveCfg = Development_Editor|x64
		{E8B568B3-199B-4B00-ADE3-CB46007C1D05}.Development Editor|Win64.Build.0 = Development_Editor|x64
		{E8B568B3-199B-4B00-ADE3-CB46007C1D05}.Development|HTML5.ActiveCfg = HTML5_Development|Win32
		{E8B568B3-199B-4B00-ADE3-CB46007C1D05}.Development|HTML5.Build.0 = HTML5_Development|Win32
		{E8B568B3-199B-4B00-ADE3-CB46007C1D05}.Development|Win32.ActiveCfg = Development|Win32
		{E8B568B3-199B-4B00-ADE3-CB46007C1D05}.Development|Win32.Build.0 = Development|Win32
		{E8B568B3-199B-4B00-ADE3-CB46007C1D05}.Development|Win64.ActiveCfg = Development|x64
		{E8B568B3-199B-4B00-ADE3-CB46007C1D05}.Development|Win64.Build.0 = Development|x64
		{E8B568B3-199B-4B00-ADE3-CB46007C1D05}.Shipping|HTML5.ActiveCfg = HTML5_Shipping|Win32
		{E8B568B3-199B-4B00-ADE3-CB46007C1D05}.Shipping|HTML5.Build.0 = HTML5_Shipping|Win32
		{E8B568B3-199B-4B00-ADE3-CB46007C1D05}.Shipping|Win32.ActiveCfg = Shipping|Win32
		{E8B568B3-199B-4B00-ADE3-CB46007C1D05}.Shipping|Win32.Build.0 = Shipping|Win32
		{E8B568B3-199B-4B00-ADE3-CB46007C1D05}.Shipping|Win64.ActiveCfg = Shipping|x64
		{E8B568B3-199B-4B00-ADE3-CB46007C1D05}.Shipping|Win64.Build.0 = Shipping|x64
	EndGlobalSection
	GlobalSection(SolutionProperties) = preSolution
		HideSolutionNode = FALSE
	EndGlobalSection
	GlobalSection(NestedProjects) = preSolution
		{0B67FF37-8591-4BBB-BD74-CDB8A05A385F} = {8E6BA466-E282-4A0A-9FF4-06873546D708}
		{E8B568B3-199B-4B00-ADE3-CB46007C1D05} = {82119D88-8B9E-482E-ADBE-FBC9EA3CA28F}
	EndGlobalSection
EndGlobal
